// !$*UTF8*$!
{
	archiveVersion = 1;
	classes = {
	};
	objectVersion = 50;
	objects = {

/* Begin PBXBuildFile section */
		13023EFB25C6116900E33C7D /* 46.wav in Resources */ = {isa = PBXBuildFile; fileRef = 13023EE325C6116800E33C7D /* 46.wav */; };
		13023EFC25C6116900E33C7D /* 48.wav in Resources */ = {isa = PBXBuildFile; fileRef = 13023EE425C6116800E33C7D /* 48.wav */; };
		13023EFD25C6116900E33C7D /* 59.wav in Resources */ = {isa = PBXBuildFile; fileRef = 13023EE525C6116800E33C7D /* 59.wav */; };
		13023EFE25C6116900E33C7D /* 62.wav in Resources */ = {isa = PBXBuildFile; fileRef = 13023EE625C6116800E33C7D /* 62.wav */; };
		13023EFF25C6116900E33C7D /* 58.wav in Resources */ = {isa = PBXBuildFile; fileRef = 13023EE725C6116800E33C7D /* 58.wav */; };
		13023F0025C6116900E33C7D /* 64.wav in Resources */ = {isa = PBXBuildFile; fileRef = 13023EE825C6116800E33C7D /* 64.wav */; };
		13023F0125C6116900E33C7D /* 53.wav in Resources */ = {isa = PBXBuildFile; fileRef = 13023EE925C6116800E33C7D /* 53.wav */; };
		13023F0225C6116900E33C7D /* 45.wav in Resources */ = {isa = PBXBuildFile; fileRef = 13023EEA25C6116800E33C7D /* 45.wav */; };
		13023F0325C6116900E33C7D /* 60.wav in Resources */ = {isa = PBXBuildFile; fileRef = 13023EEB25C6116800E33C7D /* 60.wav */; };
		13023F0425C6116900E33C7D /* 66.wav in Resources */ = {isa = PBXBuildFile; fileRef = 13023EEC25C6116800E33C7D /* 66.wav */; };
		13023F0525C6116900E33C7D /* 61.wav in Resources */ = {isa = PBXBuildFile; fileRef = 13023EED25C6116800E33C7D /* 61.wav */; };
		13023F0625C6116900E33C7D /* 47.wav in Resources */ = {isa = PBXBuildFile; fileRef = 13023EEE25C6116800E33C7D /* 47.wav */; };
		13023F0725C6116900E33C7D /* 67.wav in Resources */ = {isa = PBXBuildFile; fileRef = 13023EEF25C6116800E33C7D /* 67.wav */; };
		13023F0825C6116900E33C7D /* 68.wav in Resources */ = {isa = PBXBuildFile; fileRef = 13023EF025C6116800E33C7D /* 68.wav */; };
		13023F0925C6116900E33C7D /* 51.wav in Resources */ = {isa = PBXBuildFile; fileRef = 13023EF125C6116900E33C7D /* 51.wav */; };
		13023F0A25C6116900E33C7D /* 56.wav in Resources */ = {isa = PBXBuildFile; fileRef = 13023EF225C6116900E33C7D /* 56.wav */; };
		13023F0B25C6116900E33C7D /* 63.wav in Resources */ = {isa = PBXBuildFile; fileRef = 13023EF325C6116900E33C7D /* 63.wav */; };
		13023F0C25C6116900E33C7D /* 52.wav in Resources */ = {isa = PBXBuildFile; fileRef = 13023EF425C6116900E33C7D /* 52.wav */; };
		13023F0D25C6116900E33C7D /* 54.wav in Resources */ = {isa = PBXBuildFile; fileRef = 13023EF525C6116900E33C7D /* 54.wav */; };
		13023F0E25C6116900E33C7D /* 65.wav in Resources */ = {isa = PBXBuildFile; fileRef = 13023EF625C6116900E33C7D /* 65.wav */; };
		13023F0F25C6116900E33C7D /* 57.wav in Resources */ = {isa = PBXBuildFile; fileRef = 13023EF725C6116900E33C7D /* 57.wav */; };
		13023F1025C6116900E33C7D /* 49.wav in Resources */ = {isa = PBXBuildFile; fileRef = 13023EF825C6116900E33C7D /* 49.wav */; };
		13023F1125C6116900E33C7D /* 55.wav in Resources */ = {isa = PBXBuildFile; fileRef = 13023EF925C6116900E33C7D /* 55.wav */; };
		13023F1225C6116900E33C7D /* 50.wav in Resources */ = {isa = PBXBuildFile; fileRef = 13023EFA25C6116900E33C7D /* 50.wav */; };
		137CFC9025C0C6540026DA67 /* AppDelegate.swift in Sources */ = {isa = PBXBuildFile; fileRef = 137CFC8F25C0C6540026DA67 /* AppDelegate.swift */; };
		137CFC9225C0C6540026DA67 /* ViewController.swift in Sources */ = {isa = PBXBuildFile; fileRef = 137CFC9125C0C6540026DA67 /* ViewController.swift */; };
		137CFC9525C0C6540026DA67 /* Main.storyboard in Resources */ = {isa = PBXBuildFile; fileRef = 137CFC9325C0C6540026DA67 /* Main.storyboard */; };
		137CFC9725C0C6560026DA67 /* Assets.xcassets in Resources */ = {isa = PBXBuildFile; fileRef = 137CFC9625C0C6560026DA67 /* Assets.xcassets */; };
		137CFC9A25C0C6560026DA67 /* LaunchScreen.storyboard in Resources */ = {isa = PBXBuildFile; fileRef = 137CFC9825C0C6560026DA67 /* LaunchScreen.storyboard */; };
/* End PBXBuildFile section */

/* Begin PBXFileReference section */
		13023EE325C6116800E33C7D /* 46.wav */ = {isa = PBXFileReference; lastKnownFileType = audio.wav; name = 46.wav; path = "EmissãoDeNota/notas/46.wav"; sourceTree = SOURCE_ROOT; };
		13023EE425C6116800E33C7D /* 48.wav */ = {isa = PBXFileReference; lastKnownFileType = audio.wav; name = 48.wav; path = "EmissãoDeNota/notas/48.wav"; sourceTree = SOURCE_ROOT; };
		13023EE525C6116800E33C7D /* 59.wav */ = {isa = PBXFileReference; lastKnownFileType = audio.wav; name = 59.wav; path = "EmissãoDeNota/notas/59.wav"; sourceTree = SOURCE_ROOT; };
		13023EE625C6116800E33C7D /* 62.wav */ = {isa = PBXFileReference; lastKnownFileType = audio.wav; name = 62.wav; path = "EmissãoDeNota/notas/62.wav"; sourceTree = SOURCE_ROOT; };
		13023EE725C6116800E33C7D /* 58.wav */ = {isa = PBXFileReference; lastKnownFileType = audio.wav; name = 58.wav; path = "EmissãoDeNota/notas/58.wav"; sourceTree = SOURCE_ROOT; };
		13023EE825C6116800E33C7D /* 64.wav */ = {isa = PBXFileReference; lastKnownFileType = audio.wav; name = 64.wav; path = "EmissãoDeNota/notas/64.wav"; sourceTree = SOURCE_ROOT; };
		13023EE925C6116800E33C7D /* 53.wav */ = {isa = PBXFileReference; lastKnownFileType = audio.wav; name = 53.wav; path = "EmissãoDeNota/notas/53.wav"; sourceTree = SOURCE_ROOT; };
		13023EEA25C6116800E33C7D /* 45.wav */ = {isa = PBXFileReference; lastKnownFileType = audio.wav; name = 45.wav; path = "EmissãoDeNota/notas/45.wav"; sourceTree = SOURCE_ROOT; };
		13023EEB25C6116800E33C7D /* 60.wav */ = {isa = PBXFileReference; lastKnownFileType = audio.wav; name = 60.wav; path = "EmissãoDeNota/notas/60.wav"; sourceTree = SOURCE_ROOT; };
		13023EEC25C6116800E33C7D /* 66.wav */ = {isa = PBXFileReference; lastKnownFileType = audio.wav; name = 66.wav; path = "EmissãoDeNota/notas/66.wav"; sourceTree = SOURCE_ROOT; };
		13023EED25C6116800E33C7D /* 61.wav */ = {isa = PBXFileReference; lastKnownFileType = audio.wav; name = 61.wav; path = "EmissãoDeNota/notas/61.wav"; sourceTree = SOURCE_ROOT; };
		13023EEE25C6116800E33C7D /* 47.wav */ = {isa = PBXFileReference; lastKnownFileType = audio.wav; name = 47.wav; path = "EmissãoDeNota/notas/47.wav"; sourceTree = SOURCE_ROOT; };
		13023EEF25C6116800E33C7D /* 67.wav */ = {isa = PBXFileReference; lastKnownFileType = audio.wav; name = 67.wav; path = "EmissãoDeNota/notas/67.wav"; sourceTree = SOURCE_ROOT; };
		13023EF025C6116800E33C7D /* 68.wav */ = {isa = PBXFileReference; lastKnownFileType = audio.wav; name = 68.wav; path = "EmissãoDeNota/notas/68.wav"; sourceTree = SOURCE_ROOT; };
		13023EF125C6116900E33C7D /* 51.wav */ = {isa = PBXFileReference; lastKnownFileType = audio.wav; name = 51.wav; path = "EmissãoDeNota/notas/51.wav"; sourceTree = SOURCE_ROOT; };
		13023EF225C6116900E33C7D /* 56.wav */ = {isa = PBXFileReference; lastKnownFileType = audio.wav; name = 56.wav; path = "EmissãoDeNota/notas/56.wav"; sourceTree = SOURCE_ROOT; };
		13023EF325C6116900E33C7D /* 63.wav */ = {isa = PBXFileReference; lastKnownFileType = audio.wav; name = 63.wav; path = "EmissãoDeNota/notas/63.wav"; sourceTree = SOURCE_ROOT; };
		13023EF425C6116900E33C7D /* 52.wav */ = {isa = PBXFileReference; lastKnownFileType = audio.wav; name = 52.wav; path = "EmissãoDeNota/notas/52.wav"; sourceTree = SOURCE_ROOT; };
		13023EF525C6116900E33C7D /* 54.wav */ = {isa = PBXFileReference; lastKnownFileType = audio.wav; name = 54.wav; path = "EmissãoDeNota/notas/54.wav"; sourceTree = SOURCE_ROOT; };
		13023EF625C6116900E33C7D /* 65.wav */ = {isa = PBXFileReference; lastKnownFileType = audio.wav; name = 65.wav; path = "EmissãoDeNota/notas/65.wav"; sourceTree = SOURCE_ROOT; };
		13023EF725C6116900E33C7D /* 57.wav */ = {isa = PBXFileReference; lastKnownFileType = audio.wav; name = 57.wav; path = "EmissãoDeNota/notas/57.wav"; sourceTree = SOURCE_ROOT; };
		13023EF825C6116900E33C7D /* 49.wav */ = {isa = PBXFileReference; lastKnownFileType = audio.wav; name = 49.wav; path = "EmissãoDeNota/notas/49.wav"; sourceTree = SOURCE_ROOT; };
		13023EF925C6116900E33C7D /* 55.wav */ = {isa = PBXFileReference; lastKnownFileType = audio.wav; name = 55.wav; path = "EmissãoDeNota/notas/55.wav"; sourceTree = SOURCE_ROOT; };
		13023EFA25C6116900E33C7D /* 50.wav */ = {isa = PBXFileReference; lastKnownFileType = audio.wav; name = 50.wav; path = "EmissãoDeNota/notas/50.wav"; sourceTree = SOURCE_ROOT; };
		137CFC8C25C0C6540026DA67 /* EmissãoDeNota.app */ = {isa = PBXFileReference; explicitFileType = wrapper.application; includeInIndex = 0; path = "EmissãoDeNota.app"; sourceTree = BUILT_PRODUCTS_DIR; };
		137CFC8F25C0C6540026DA67 /* AppDelegate.swift */ = {isa = PBXFileReference; lastKnownFileType = sourcecode.swift; path = AppDelegate.swift; sourceTree = "<group>"; };
		137CFC9125C0C6540026DA67 /* ViewController.swift */ = {isa = PBXFileReference; lastKnownFileType = sourcecode.swift; path = ViewController.swift; sourceTree = "<group>"; };
		137CFC9425C0C6540026DA67 /* Base */ = {isa = PBXFileReference; lastKnownFileType = file.storyboard; name = Base; path = Base.lproj/Main.storyboard; sourceTree = "<group>"; };
		137CFC9625C0C6560026DA67 /* Assets.xcassets */ = {isa = PBXFileReference; lastKnownFileType = folder.assetcatalog; path = Assets.xcassets; sourceTree = "<group>"; };
		137CFC9925C0C6560026DA67 /* Base */ = {isa = PBXFileReference; lastKnownFileType = file.storyboard; name = Base; path = Base.lproj/LaunchScreen.storyboard; sourceTree = "<group>"; };
		137CFC9B25C0C6560026DA67 /* Info.plist */ = {isa = PBXFileReference; lastKnownFileType = text.plist.xml; path = Info.plist; sourceTree = "<group>"; };
/* End PBXFileReference section */

/* Begin PBXFrameworksBuildPhase section */
		137CFC8925C0C6540026DA67 /* Frameworks */ = {
			isa = PBXFrameworksBuildPhase;
			buildActionMask = 2147483647;
			files = (
			);
			runOnlyForDeploymentPostprocessing = 0;
		};
/* End PBXFrameworksBuildPhase section */

/* Begin PBXGroup section */
		13023EE225C6114100E33C7D /* MusicalNotes */ = {
			isa = PBXGroup;
			children = (
				13023EEA25C6116800E33C7D /* 45.wav */,
				13023EE325C6116800E33C7D /* 46.wav */,
				13023EEE25C6116800E33C7D /* 47.wav */,
				13023EE425C6116800E33C7D /* 48.wav */,
				13023EF825C6116900E33C7D /* 49.wav */,
				13023EFA25C6116900E33C7D /* 50.wav */,
				13023EF125C6116900E33C7D /* 51.wav */,
				13023EF425C6116900E33C7D /* 52.wav */,
				13023EE925C6116800E33C7D /* 53.wav */,
				13023EF525C6116900E33C7D /* 54.wav */,
				13023EF925C6116900E33C7D /* 55.wav */,
				13023EF225C6116900E33C7D /* 56.wav */,
				13023EF725C6116900E33C7D /* 57.wav */,
				13023EE725C6116800E33C7D /* 58.wav */,
				13023EE525C6116800E33C7D /* 59.wav */,
				13023EEB25C6116800E33C7D /* 60.wav */,
				13023EED25C6116800E33C7D /* 61.wav */,
				13023EE625C6116800E33C7D /* 62.wav */,
				13023EF325C6116900E33C7D /* 63.wav */,
				13023EE825C6116800E33C7D /* 64.wav */,
				13023EF625C6116900E33C7D /* 65.wav */,
				13023EEC25C6116800E33C7D /* 66.wav */,
				13023EEF25C6116800E33C7D /* 67.wav */,
				13023EF025C6116800E33C7D /* 68.wav */,
			);
			name = MusicalNotes;
			path = "/Users/anunes/Desktop/Projeto PI/Projeto PI/PIntervals/EmissãoDeNota/EmissãoDeNota/MusicalNotes";
			sourceTree = "<absolute>";
		};
		137CFC8325C0C6540026DA67 = {
			isa = PBXGroup;
			children = (
				137CFC8E25C0C6540026DA67 /* EmissãoDeNota */,
				137CFC8D25C0C6540026DA67 /* Products */,
			);
			sourceTree = "<group>";
		};
		137CFC8D25C0C6540026DA67 /* Products */ = {
			isa = PBXGroup;
			children = (
				137CFC8C25C0C6540026DA67 /* EmissãoDeNota.app */,
			);
			name = Products;
			sourceTree = "<group>";
		};
		137CFC8E25C0C6540026DA67 /* EmissãoDeNota */ = {
			isa = PBXGroup;
			children = (
				137CFC8F25C0C6540026DA67 /* AppDelegate.swift */,
				137CFC9125C0C6540026DA67 /* ViewController.swift */,
				137CFC9325C0C6540026DA67 /* Main.storyboard */,
				137CFC9625C0C6560026DA67 /* Assets.xcassets */,
				137CFC9825C0C6560026DA67 /* LaunchScreen.storyboard */,
				137CFC9B25C0C6560026DA67 /* Info.plist */,
				13023EE225C6114100E33C7D /* MusicalNotes */,
			);
			path = "EmissãoDeNota";
			sourceTree = "<group>";
		};
/* End PBXGroup section */

/* Begin PBXNativeTarget section */
		137CFC8B25C0C6540026DA67 /* EmissãoDeNota */ = {
			isa = PBXNativeTarget;
			buildConfigurationList = 137CFC9E25C0C6560026DA67 /* Build configuration list for PBXNativeTarget "EmissãoDeNota" */;
			buildPhases = (
				137CFC8825C0C6540026DA67 /* Sources */,
				137CFC8925C0C6540026DA67 /* Frameworks */,
				137CFC8A25C0C6540026DA67 /* Resources */,
			);
			buildRules = (
			);
			dependencies = (
			);
			name = "EmissãoDeNota";
			productName = "EmissãoDeNota";
			productReference = 137CFC8C25C0C6540026DA67 /* EmissãoDeNota.app */;
			productType = "com.apple.product-type.application";
		};
/* End PBXNativeTarget section */

/* Begin PBXProject section */
		137CFC8425C0C6540026DA67 /* Project object */ = {
			isa = PBXProject;
			attributes = {
				LastSwiftUpdateCheck = 0940;
				LastUpgradeCheck = 0940;
				ORGANIZATIONNAME = "Rafael Melo";
				TargetAttributes = {
					137CFC8B25C0C6540026DA67 = {
						CreatedOnToolsVersion = 9.4.1;
					};
				};
			};
			buildConfigurationList = 137CFC8725C0C6540026DA67 /* Build configuration list for PBXProject "EmissãoDeNota" */;
			compatibilityVersion = "Xcode 9.3";
			developmentRegion = en;
			hasScannedForEncodings = 0;
			knownRegions = (
				en,
				Base,
			);
			mainGroup = 137CFC8325C0C6540026DA67;
			productRefGroup = 137CFC8D25C0C6540026DA67 /* Products */;
			projectDirPath = "";
			projectRoot = "";
			targets = (
				137CFC8B25C0C6540026DA67 /* EmissãoDeNota */,
			);
		};
/* End PBXProject section */

/* Begin PBXResourcesBuildPhase section */
		137CFC8A25C0C6540026DA67 /* Resources */ = {
			isa = PBXResourcesBuildPhase;
			buildActionMask = 2147483647;
			files = (
				13023F1125C6116900E33C7D /* 55.wav in Resources */,
				13023F1225C6116900E33C7D /* 50.wav in Resources */,
				13023F0925C6116900E33C7D /* 51.wav in Resources */,
				13023F0425C6116900E33C7D /* 66.wav in Resources */,
				13023F0125C6116900E33C7D /* 53.wav in Resources */,
				13023EFC25C6116900E33C7D /* 48.wav in Resources */,
				13023F0025C6116900E33C7D /* 64.wav in Resources */,
				13023F1025C6116900E33C7D /* 49.wav in Resources */,
				13023EFB25C6116900E33C7D /* 46.wav in Resources */,
				13023F0F25C6116900E33C7D /* 57.wav in Resources */,
				13023F0625C6116900E33C7D /* 47.wav in Resources */,
				13023F0525C6116900E33C7D /* 61.wav in Resources */,
				13023F0A25C6116900E33C7D /* 56.wav in Resources */,
				13023F0825C6116900E33C7D /* 68.wav in Resources */,
				13023EFE25C6116900E33C7D /* 62.wav in Resources */,
				13023F0D25C6116900E33C7D /* 54.wav in Resources */,
				137CFC9A25C0C6560026DA67 /* LaunchScreen.storyboard in Resources */,
				137CFC9725C0C6560026DA67 /* Assets.xcassets in Resources */,
				13023EFD25C6116900E33C7D /* 59.wav in Resources */,
				13023F0325C6116900E33C7D /* 60.wav in Resources */,
				13023F0B25C6116900E33C7D /* 63.wav in Resources */,
				137CFC9525C0C6540026DA67 /* Main.storyboard in Resources */,
				13023F0E25C6116900E33C7D /* 65.wav in Resources */,
				13023F0C25C6116900E33C7D /* 52.wav in Resources */,
				13023F0225C6116900E33C7D /* 45.wav in Resources */,
				13023EFF25C6116900E33C7D /* 58.wav in Resources */,
				13023F0725C6116900E33C7D /* 67.wav in Resources */,
			);
			runOnlyForDeploymentPostprocessing = 0;
		};
/* End PBXResourcesBuildPhase section */

/* Begin PBXSourcesBuildPhase section */
		137CFC8825C0C6540026DA67 /* Sources */ = {
			isa = PBXSourcesBuildPhase;
			buildActionMask = 2147483647;
			files = (
				137CFC9225C0C6540026DA67 /* ViewController.swift in Sources */,
				137CFC9025C0C6540026DA67 /* AppDelegate.swift in Sources */,
			);
			runOnlyForDeploymentPostprocessing = 0;
		};
/* End PBXSourcesBuildPhase section */

/* Begin PBXVariantGroup section */
		137CFC9325C0C6540026DA67 /* Main.storyboard */ = {
			isa = PBXVariantGroup;
			children = (
				137CFC9425C0C6540026DA67 /* Base */,
			);
			name = Main.storyboard;
			sourceTree = "<group>";
		};
		137CFC9825C0C6560026DA67 /* LaunchScreen.storyboard */ = {
			isa = PBXVariantGroup;
			children = (
				137CFC9925C0C6560026DA67 /* Base */,
			);
			name = LaunchScreen.storyboard;
			sourceTree = "<group>";
		};
/* End PBXVariantGroup section */

/* Begin XCBuildConfiguration section */
		137CFC9C25C0C6560026DA67 /* Debug */ = {
			isa = XCBuildConfiguration;
			buildSettings = {
				ALWAYS_SEARCH_USER_PATHS = NO;
				CLANG_ANALYZER_NONNULL = YES;
				CLANG_ANALYZER_NUMBER_OBJECT_CONVERSION = YES_AGGRESSIVE;
				CLANG_CXX_LANGUAGE_STANDARD = "gnu++14";
				CLANG_CXX_LIBRARY = "libc++";
				CLANG_ENABLE_MODULES = YES;
				CLANG_ENABLE_OBJC_ARC = YES;
				CLANG_ENABLE_OBJC_WEAK = YES;
				CLANG_WARN_BLOCK_CAPTURE_AUTORELEASING = YES;
				CLANG_WARN_BOOL_CONVERSION = YES;
				CLANG_WARN_COMMA = YES;
				CLANG_WARN_CONSTANT_CONVERSION = YES;
				CLANG_WARN_DEPRECATED_OBJC_IMPLEMENTATIONS = YES;
				CLANG_WARN_DIRECT_OBJC_ISA_USAGE = YES_ERROR;
				CLANG_WARN_DOCUMENTATION_COMMENTS = YES;
				CLANG_WARN_EMPTY_BODY = YES;
				CLANG_WARN_ENUM_CONVERSION = YES;
				CLANG_WARN_INFINITE_RECURSION = YES;
				CLANG_WARN_INT_CONVERSION = YES;
				CLANG_WARN_NON_LITERAL_NULL_CONVERSION = YES;
				CLANG_WARN_OBJC_IMPLICIT_RETAIN_SELF = YES;
				CLANG_WARN_OBJC_LITERAL_CONVERSION = YES;
				CLANG_WARN_OBJC_ROOT_CLASS = YES_ERROR;
				CLANG_WARN_RANGE_LOOP_ANALYSIS = YES;
				CLANG_WARN_STRICT_PROTOTYPES = YES;
				CLANG_WARN_SUSPICIOUS_MOVE = YES;
				CLANG_WARN_UNGUARDED_AVAILABILITY = YES_AGGRESSIVE;
				CLANG_WARN_UNREACHABLE_CODE = YES;
				CLANG_WARN__DUPLICATE_METHOD_MATCH = YES;
				CODE_SIGN_IDENTITY = "iPhone Developer";
				COPY_PHASE_STRIP = NO;
				DEBUG_INFORMATION_FORMAT = dwarf;
				ENABLE_STRICT_OBJC_MSGSEND = YES;
				ENABLE_TESTABILITY = YES;
				GCC_C_LANGUAGE_STANDARD = gnu11;
				GCC_DYNAMIC_NO_PIC = NO;
				GCC_NO_COMMON_BLOCKS = YES;
				GCC_OPTIMIZATION_LEVEL = 0;
				GCC_PREPROCESSOR_DEFINITIONS = (
					"DEBUG=1",
					"$(inherited)",
				);
				GCC_WARN_64_TO_32_BIT_CONVERSION = YES;
				GCC_WARN_ABOUT_RETURN_TYPE = YES_ERROR;
				GCC_WARN_UNDECLARED_SELECTOR = YES;
				GCC_WARN_UNINITIALIZED_AUTOS = YES_AGGRESSIVE;
				GCC_WARN_UNUSED_FUNCTION = YES;
				GCC_WARN_UNUSED_VARIABLE = YES;
				IPHONEOS_DEPLOYMENT_TARGET = 11.3;
				MTL_ENABLE_DEBUG_INFO = YES;
				ONLY_ACTIVE_ARCH = YES;
				SDKROOT = iphoneos;
				SWIFT_ACTIVE_COMPILATION_CONDITIONS = DEBUG;
				SWIFT_OPTIMIZATION_LEVEL = "-Onone";
			};
			name = Debug;
		};
		137CFC9D25C0C6560026DA67 /* Release */ = {
			isa = XCBuildConfiguration;
			buildSettings = {
				ALWAYS_SEARCH_USER_PATHS = NO;
				CLANG_ANALYZER_NONNULL = YES;
				CLANG_ANALYZER_NUMBER_OBJECT_CONVERSION = YES_AGGRESSIVE;
				CLANG_CXX_LANGUAGE_STANDARD = "gnu++14";
				CLANG_CXX_LIBRARY = "libc++";
				CLANG_ENABLE_MODULES = YES;
				CLANG_ENABLE_OBJC_ARC = YES;
				CLANG_ENABLE_OBJC_WEAK = YES;
				CLANG_WARN_BLOCK_CAPTURE_AUTORELEASING = YES;
				CLANG_WARN_BOOL_CONVERSION = YES;
				CLANG_WARN_COMMA = YES;
				CLANG_WARN_CONSTANT_CONVERSION = YES;
				CLANG_WARN_DEPRECATED_OBJC_IMPLEMENTATIONS = YES;
				CLANG_WARN_DIRECT_OBJC_ISA_USAGE = YES_ERROR;
				CLANG_WARN_DOCUMENTATION_COMMENTS = YES;
				CLANG_WARN_EMPTY_BODY = YES;
				CLANG_WARN_ENUM_CONVERSION = YES;
				CLANG_WARN_INFINITE_RECURSION = YES;
				CLANG_WARN_INT_CONVERSION = YES;
				CLANG_WARN_NON_LITERAL_NULL_CONVERSION = YES;
				CLANG_WARN_OBJC_IMPLICIT_RETAIN_SELF = YES;
				CLANG_WARN_OBJC_LITERAL_CONVERSION = YES;
				CLANG_WARN_OBJC_ROOT_CLASS = YES_ERROR;
				CLANG_WARN_RANGE_LOOP_ANALYSIS = YES;
				CLANG_WARN_STRICT_PROTOTYPES = YES;
				CLANG_WARN_SUSPICIOUS_MOVE = YES;
				CLANG_WARN_UNGUARDED_AVAILABILITY = YES_AGGRESSIVE;
				CLANG_WARN_UNREACHABLE_CODE = YES;
				CLANG_WARN__DUPLICATE_METHOD_MATCH = YES;
				CODE_SIGN_IDENTITY = "iPhone Developer";
				COPY_PHASE_STRIP = NO;
				DEBUG_INFORMATION_FORMAT = "dwarf-with-dsym";
				ENABLE_NS_ASSERTIONS = NO;
				ENABLE_STRICT_OBJC_MSGSEND = YES;
				GCC_C_LANGUAGE_STANDARD = gnu11;
				GCC_NO_COMMON_BLOCKS = YES;
				GCC_WARN_64_TO_32_BIT_CONVERSION = YES;
				GCC_WARN_ABOUT_RETURN_TYPE = YES_ERROR;
				GCC_WARN_UNDECLARED_SELECTOR = YES;
				GCC_WARN_UNINITIALIZED_AUTOS = YES_AGGRESSIVE;
				GCC_WARN_UNUSED_FUNCTION = YES;
				GCC_WARN_UNUSED_VARIABLE = YES;
				IPHONEOS_DEPLOYMENT_TARGET = 11.3;
				MTL_ENABLE_DEBUG_INFO = NO;
				SDKROOT = iphoneos;
				SWIFT_COMPILATION_MODE = wholemodule;
				SWIFT_OPTIMIZATION_LEVEL = "-O";
				VALIDATE_PRODUCT = YES;
			};
			name = Release;
		};
		137CFC9F25C0C6560026DA67 /* Debug */ = {
			isa = XCBuildConfiguration;
			buildSettings = {
				ASSETCATALOG_COMPILER_APPICON_NAME = AppIcon;
				CODE_SIGN_STYLE = Automatic;
				DEVELOPMENT_TEAM = "";
				INFOPLIST_FILE = "EmissãoDeNota/Info.plist";
				IPHONEOS_DEPLOYMENT_TARGET = 11.4;
				LD_RUNPATH_SEARCH_PATHS = (
					"$(inherited)",
					"@executable_path/Frameworks",
				);
				PRODUCT_BUNDLE_IDENTIFIER = com.RafaelCardozo;
				PRODUCT_NAME = "$(TARGET_NAME)";
				SWIFT_VERSION = 4.0;
				TARGETED_DEVICE_FAMILY = 1;
			};
			name = Debug;
		};
		137CFCA025C0C6560026DA67 /* Release */ = {
			isa = XCBuildConfiguration;
			buildSettings = {
				ASSETCATALOG_COMPILER_APPICON_NAME = AppIcon;
				CODE_SIGN_STYLE = Automatic;
				DEVELOPMENT_TEAM = "";
				INFOPLIST_FILE = "EmissãoDeNota/Info.plist";
				IPHONEOS_DEPLOYMENT_TARGET = 11.4;
				LD_RUNPATH_SEARCH_PATHS = (
					"$(inherited)",
					"@executable_path/Frameworks",
				);
				PRODUCT_BUNDLE_IDENTIFIER = com.RafaelCardozo;
				PRODUCT_NAME = "$(TARGET_NAME)";
				SWIFT_VERSION = 4.0;
				TARGETED_DEVICE_FAMILY = 1;
			};
			name = Release;
		};
/* End XCBuildConfiguration section */

/* Begin XCConfigurationList section */
		137CFC8725C0C6540026DA67 /* Build configuration list for PBXProject "EmissãoDeNota" */ = {
			isa = XCConfigurationList;
			buildConfigurations = (
				137CFC9C25C0C6560026DA67 /* Debug */,
				137CFC9D25C0C6560026DA67 /* Release */,
			);
			defaultConfigurationIsVisible = 0;
			defaultConfigurationName = Release;
		};
		137CFC9E25C0C6560026DA67 /* Build configuration list for PBXNativeTarget "EmissãoDeNota" */ = {
			isa = XCConfigurationList;
			buildConfigurations = (
				137CFC9F25C0C6560026DA67 /* Debug */,
				137CFCA025C0C6560026DA67 /* Release */,
			);
			defaultConfigurationIsVisible = 0;
			defaultConfigurationName = Release;
		};
/* End XCConfigurationList section */
	};
	rootObject = 137CFC8425C0C6540026DA67 /* Project object */;
}
